// !$*UTF8*$!
{
	archiveVersion = 1;
	classes = {
	};
	objectVersion = 56;
	objects = {

/* Begin PBXBuildFile section */
		4F525D61290E75A6007A76FF /* GoogleService-Info.plist in Resources */ = {isa = PBXBuildFile; fileRef = 4F525D60290E75A6007A76FF /* GoogleService-Info.plist */; };
		4F52F8182924CF700087758E /* AlarmViewController.swift in Sources */ = {isa = PBXBuildFile; fileRef = 4F52F8172924CF700087758E /* AlarmViewController.swift */; };
		4F52F81A2924CF7D0087758E /* UserViewController.swift in Sources */ = {isa = PBXBuildFile; fileRef = 4F52F8192924CF7D0087758E /* UserViewController.swift */; };
		4F52F81C2924D9590087758E /* BicycleRegisterViewController.swift in Sources */ = {isa = PBXBuildFile; fileRef = 4F52F81B2924D9590087758E /* BicycleRegisterViewController.swift */; };
		4F5470BD28EFB1BD00C0F673 /* SignUpViewController.swift in Sources */ = {isa = PBXBuildFile; fileRef = 4F5470BC28EFB1BD00C0F673 /* SignUpViewController.swift */; };
		4F9DB32F28F64C7700B2C338 /* MainViewController.swift in Sources */ = {isa = PBXBuildFile; fileRef = 4F9DB32E28F64C7700B2C338 /* MainViewController.swift */; };
		4FF1ED1A28FC377300F5458D /* MapViewController.swift in Sources */ = {isa = PBXBuildFile; fileRef = 4FF1ED1928FC377300F5458D /* MapViewController.swift */; };
		4FFF168028ED0514003ADFAA /* AppDelegate.swift in Sources */ = {isa = PBXBuildFile; fileRef = 4FFF167F28ED0514003ADFAA /* AppDelegate.swift */; };
		4FFF168228ED0514003ADFAA /* SceneDelegate.swift in Sources */ = {isa = PBXBuildFile; fileRef = 4FFF168128ED0514003ADFAA /* SceneDelegate.swift */; };
		4FFF168428ED0514003ADFAA /* LoginViewController.swift in Sources */ = {isa = PBXBuildFile; fileRef = 4FFF168328ED0514003ADFAA /* LoginViewController.swift */; };
		4FFF168728ED0514003ADFAA /* Main.storyboard in Resources */ = {isa = PBXBuildFile; fileRef = 4FFF168528ED0514003ADFAA /* Main.storyboard */; };
		4FFF168928ED0514003ADFAA /* Assets.xcassets in Resources */ = {isa = PBXBuildFile; fileRef = 4FFF168828ED0514003ADFAA /* Assets.xcassets */; };
		4FFF168C28ED0514003ADFAA /* LaunchScreen.storyboard in Resources */ = {isa = PBXBuildFile; fileRef = 4FFF168A28ED0514003ADFAA /* LaunchScreen.storyboard */; };
		4FFF169428ED1069003ADFAA /* WLITextField.swift in Sources */ = {isa = PBXBuildFile; fileRef = 4FFF169328ED1069003ADFAA /* WLITextField.swift */; };
		4FFFCD1329313501004857A5 /* PermanentMarker-Regular.ttf in Resources */ = {isa = PBXBuildFile; fileRef = 4FFFCD1229313501004857A5 /* PermanentMarker-Regular.ttf */; };
		9F4AC603DA2FB08789A3D6CC /* Pods_RockYou.framework in Frameworks */ = {isa = PBXBuildFile; fileRef = E07FF484EFDEB11990FB5286 /* Pods_RockYou.framework */; };
		C7B44727292CF6E500B272A4 /* Marker.swift in Sources */ = {isa = PBXBuildFile; fileRef = C7B44726292CF6E500B272A4 /* Marker.swift */; };
/* End PBXBuildFile section */

/* Begin PBXFileReference section */
		4F525D60290E75A6007A76FF /* GoogleService-Info.plist */ = {isa = PBXFileReference; fileEncoding = 4; lastKnownFileType = text.plist.xml; path = "GoogleService-Info.plist"; sourceTree = "<group>"; };
		4F52F8172924CF700087758E /* AlarmViewController.swift */ = {isa = PBXFileReference; lastKnownFileType = sourcecode.swift; path = AlarmViewController.swift; sourceTree = "<group>"; };
		4F52F8192924CF7D0087758E /* UserViewController.swift */ = {isa = PBXFileReference; lastKnownFileType = sourcecode.swift; path = UserViewController.swift; sourceTree = "<group>"; };
		4F52F81B2924D9590087758E /* BicycleRegisterViewController.swift */ = {isa = PBXFileReference; lastKnownFileType = sourcecode.swift; path = BicycleRegisterViewController.swift; sourceTree = "<group>"; };
		4F5470BC28EFB1BD00C0F673 /* SignUpViewController.swift */ = {isa = PBXFileReference; lastKnownFileType = sourcecode.swift; path = SignUpViewController.swift; sourceTree = "<group>"; };
		4F9DB32E28F64C7700B2C338 /* MainViewController.swift */ = {isa = PBXFileReference; lastKnownFileType = sourcecode.swift; path = MainViewController.swift; sourceTree = "<group>"; };
		4FF1ED1928FC377300F5458D /* MapViewController.swift */ = {isa = PBXFileReference; lastKnownFileType = sourcecode.swift; path = MapViewController.swift; sourceTree = "<group>"; };
		4FFF167C28ED0514003ADFAA /* RockYou.app */ = {isa = PBXFileReference; explicitFileType = wrapper.application; includeInIndex = 0; path = RockYou.app; sourceTree = BUILT_PRODUCTS_DIR; };
		4FFF167F28ED0514003ADFAA /* AppDelegate.swift */ = {isa = PBXFileReference; lastKnownFileType = sourcecode.swift; path = AppDelegate.swift; sourceTree = "<group>"; };
		4FFF168128ED0514003ADFAA /* SceneDelegate.swift */ = {isa = PBXFileReference; lastKnownFileType = sourcecode.swift; path = SceneDelegate.swift; sourceTree = "<group>"; };
		4FFF168328ED0514003ADFAA /* LoginViewController.swift */ = {isa = PBXFileReference; lastKnownFileType = sourcecode.swift; path = LoginViewController.swift; sourceTree = "<group>"; };
		4FFF168628ED0514003ADFAA /* Base */ = {isa = PBXFileReference; lastKnownFileType = file.storyboard; name = Base; path = Base.lproj/Main.storyboard; sourceTree = "<group>"; };
		4FFF168828ED0514003ADFAA /* Assets.xcassets */ = {isa = PBXFileReference; lastKnownFileType = folder.assetcatalog; path = Assets.xcassets; sourceTree = "<group>"; };
		4FFF168B28ED0514003ADFAA /* Base */ = {isa = PBXFileReference; lastKnownFileType = file.storyboard; name = Base; path = Base.lproj/LaunchScreen.storyboard; sourceTree = "<group>"; };
		4FFF168D28ED0514003ADFAA /* Info.plist */ = {isa = PBXFileReference; lastKnownFileType = text.plist.xml; path = Info.plist; sourceTree = "<group>"; };
		4FFF169328ED1069003ADFAA /* WLITextField.swift */ = {isa = PBXFileReference; fileEncoding = 4; lastKnownFileType = sourcecode.swift; path = WLITextField.swift; sourceTree = "<group>"; };
		4FFFCD1229313501004857A5 /* PermanentMarker-Regular.ttf */ = {isa = PBXFileReference; lastKnownFileType = file; path = "PermanentMarker-Regular.ttf"; sourceTree = "<group>"; };
		C7B44726292CF6E500B272A4 /* Marker.swift */ = {isa = PBXFileReference; lastKnownFileType = sourcecode.swift; path = Marker.swift; sourceTree = "<group>"; };
		D0EF711093D9FCDD9B80B538 /* Pods-RockYou.debug.xcconfig */ = {isa = PBXFileReference; includeInIndex = 1; lastKnownFileType = text.xcconfig; name = "Pods-RockYou.debug.xcconfig"; path = "Target Support Files/Pods-RockYou/Pods-RockYou.debug.xcconfig"; sourceTree = "<group>"; };
		E07FF484EFDEB11990FB5286 /* Pods_RockYou.framework */ = {isa = PBXFileReference; explicitFileType = wrapper.framework; includeInIndex = 0; path = Pods_RockYou.framework; sourceTree = BUILT_PRODUCTS_DIR; };
		EABC7D9D060F58CB9A324B23 /* Pods-RockYou.release.xcconfig */ = {isa = PBXFileReference; includeInIndex = 1; lastKnownFileType = text.xcconfig; name = "Pods-RockYou.release.xcconfig"; path = "Target Support Files/Pods-RockYou/Pods-RockYou.release.xcconfig"; sourceTree = "<group>"; };
/* End PBXFileReference section */

/* Begin PBXFrameworksBuildPhase section */
		4FFF167928ED0514003ADFAA /* Frameworks */ = {
			isa = PBXFrameworksBuildPhase;
			buildActionMask = 2147483647;
			files = (
				9F4AC603DA2FB08789A3D6CC /* Pods_RockYou.framework in Frameworks */,
			);
			runOnlyForDeploymentPostprocessing = 0;
		};
/* End PBXFrameworksBuildPhase section */

/* Begin PBXGroup section */
		4F568BF428FF7FBB0092D287 /* ViewController */ = {
			isa = PBXGroup;
			children = (
				4FFF168328ED0514003ADFAA /* LoginViewController.swift */,
				4F5470BC28EFB1BD00C0F673 /* SignUpViewController.swift */,
				4FF1ED1928FC377300F5458D /* MapViewController.swift */,
				4F9DB32E28F64C7700B2C338 /* MainViewController.swift */,
				4F52F8172924CF700087758E /* AlarmViewController.swift */,
				4F52F8192924CF7D0087758E /* UserViewController.swift */,
				4F52F81B2924D9590087758E /* BicycleRegisterViewController.swift */,
			);
			path = ViewController;
			sourceTree = "<group>";
		};
		4F568BF528FF7FDA0092D287 /* View */ = {
			isa = PBXGroup;
			children = (
				4FFF168528ED0514003ADFAA /* Main.storyboard */,
			);
			path = View;
			sourceTree = "<group>";
		};
		4F568BF628FF7FEF0092D287 /* helper */ = {
			isa = PBXGroup;
			children = (
				4FFF169328ED1069003ADFAA /* WLITextField.swift */,
				C7B44726292CF6E500B272A4 /* Marker.swift */,
				4FFFCD1229313501004857A5 /* PermanentMarker-Regular.ttf */,
			);
			path = helper;
			sourceTree = "<group>";
		};
		4FFF167328ED0514003ADFAA = {
			isa = PBXGroup;
			children = (
				4FFF167E28ED0514003ADFAA /* RockYou */,
				4FFF167D28ED0514003ADFAA /* Products */,
				80A3F2E095D870BDC441F20D /* Pods */,
				5966EE89A09C5777BEA3C04D /* Frameworks */,
			);
			sourceTree = "<group>";
		};
		4FFF167D28ED0514003ADFAA /* Products */ = {
			isa = PBXGroup;
			children = (
				4FFF167C28ED0514003ADFAA /* RockYou.app */,
			);
			name = Products;
			sourceTree = "<group>";
		};
		4FFF167E28ED0514003ADFAA /* RockYou */ = {
			isa = PBXGroup;
			children = (
				4FFF167F28ED0514003ADFAA /* AppDelegate.swift */,
				4FFF168128ED0514003ADFAA /* SceneDelegate.swift */,
				4F568BF628FF7FEF0092D287 /* helper */,
				4F568BF528FF7FDA0092D287 /* View */,
				4F568BF428FF7FBB0092D287 /* ViewController */,
				4FFF168828ED0514003ADFAA /* Assets.xcassets */,
				4FFF168A28ED0514003ADFAA /* LaunchScreen.storyboard */,
				4FFF168D28ED0514003ADFAA /* Info.plist */,
				4F525D60290E75A6007A76FF /* GoogleService-Info.plist */,
			);
			path = RockYou;
			sourceTree = "<group>";
		};
		5966EE89A09C5777BEA3C04D /* Frameworks */ = {
			isa = PBXGroup;
			children = (
				E07FF484EFDEB11990FB5286 /* Pods_RockYou.framework */,
			);
			name = Frameworks;
			sourceTree = "<group>";
		};
		80A3F2E095D870BDC441F20D /* Pods */ = {
			isa = PBXGroup;
			children = (
				D0EF711093D9FCDD9B80B538 /* Pods-RockYou.debug.xcconfig */,
				EABC7D9D060F58CB9A324B23 /* Pods-RockYou.release.xcconfig */,
			);
			path = Pods;
			sourceTree = "<group>";
		};
/* End PBXGroup section */

/* Begin PBXNativeTarget section */
		4FFF167B28ED0514003ADFAA /* RockYou */ = {
			isa = PBXNativeTarget;
			buildConfigurationList = 4FFF169028ED0514003ADFAA /* Build configuration list for PBXNativeTarget "RockYou" */;
			buildPhases = (
				A5DA02FB1341FA654DD9693B /* [CP] Check Pods Manifest.lock */,
				4FFF167828ED0514003ADFAA /* Sources */,
				4FFF167928ED0514003ADFAA /* Frameworks */,
				4FFF167A28ED0514003ADFAA /* Resources */,
				0B19D854DDFADD7FDD0A5942 /* [CP] Embed Pods Frameworks */,
			);
			buildRules = (
			);
			dependencies = (
			);
			name = RockYou;
			productName = RockYou;
			productReference = 4FFF167C28ED0514003ADFAA /* RockYou.app */;
			productType = "com.apple.product-type.application";
		};
/* End PBXNativeTarget section */

/* Begin PBXProject section */
		4FFF167428ED0514003ADFAA /* Project object */ = {
			isa = PBXProject;
			attributes = {
				BuildIndependentTargetsInParallel = 1;
				LastSwiftUpdateCheck = 1400;
				LastUpgradeCheck = 1400;
				TargetAttributes = {
					4FFF167B28ED0514003ADFAA = {
						CreatedOnToolsVersion = 14.0;
					};
				};
			};
			buildConfigurationList = 4FFF167728ED0514003ADFAA /* Build configuration list for PBXProject "RockYou" */;
			compatibilityVersion = "Xcode 14.0";
			developmentRegion = en;
			hasScannedForEncodings = 0;
			knownRegions = (
				en,
				Base,
			);
			mainGroup = 4FFF167328ED0514003ADFAA;
			productRefGroup = 4FFF167D28ED0514003ADFAA /* Products */;
			projectDirPath = "";
			projectRoot = "";
			targets = (
				4FFF167B28ED0514003ADFAA /* RockYou */,
			);
		};
/* End PBXProject section */

/* Begin PBXResourcesBuildPhase section */
		4FFF167A28ED0514003ADFAA /* Resources */ = {
			isa = PBXResourcesBuildPhase;
			buildActionMask = 2147483647;
			files = (
				4FFF168C28ED0514003ADFAA /* LaunchScreen.storyboard in Resources */,
				4F525D61290E75A6007A76FF /* GoogleService-Info.plist in Resources */,
				4FFF168928ED0514003ADFAA /* Assets.xcassets in Resources */,
				4FFFCD1329313501004857A5 /* PermanentMarker-Regular.ttf in Resources */,
				4FFF168728ED0514003ADFAA /* Main.storyboard in Resources */,
			);
			runOnlyForDeploymentPostprocessing = 0;
		};
/* End PBXResourcesBuildPhase section */

/* Begin PBXShellScriptBuildPhase section */
		0B19D854DDFADD7FDD0A5942 /* [CP] Embed Pods Frameworks */ = {
			isa = PBXShellScriptBuildPhase;
			buildActionMask = 2147483647;
			files = (
			);
			inputFileListPaths = (
				"${PODS_ROOT}/Target Support Files/Pods-RockYou/Pods-RockYou-frameworks-${CONFIGURATION}-input-files.xcfilelist",
			);
			name = "[CP] Embed Pods Frameworks";
			outputFileListPaths = (
				"${PODS_ROOT}/Target Support Files/Pods-RockYou/Pods-RockYou-frameworks-${CONFIGURATION}-output-files.xcfilelist",
			);
			runOnlyForDeploymentPostprocessing = 0;
			shellPath = /bin/sh;
			shellScript = "\"${PODS_ROOT}/Target Support Files/Pods-RockYou/Pods-RockYou-frameworks.sh\"\n";
			showEnvVarsInLog = 0;
		};
		A5DA02FB1341FA654DD9693B /* [CP] Check Pods Manifest.lock */ = {
			isa = PBXShellScriptBuildPhase;
			buildActionMask = 2147483647;
			files = (
			);
			inputFileListPaths = (
			);
			inputPaths = (
				"${PODS_PODFILE_DIR_PATH}/Podfile.lock",
				"${PODS_ROOT}/Manifest.lock",
			);
			name = "[CP] Check Pods Manifest.lock";
			outputFileListPaths = (
			);
			outputPaths = (
				"$(DERIVED_FILE_DIR)/Pods-RockYou-checkManifestLockResult.txt",
			);
			runOnlyForDeploymentPostprocessing = 0;
			shellPath = /bin/sh;
			shellScript = "diff \"${PODS_PODFILE_DIR_PATH}/Podfile.lock\" \"${PODS_ROOT}/Manifest.lock\" > /dev/null\nif [ $? != 0 ] ; then\n    # print error to STDERR\n    echo \"error: The sandbox is not in sync with the Podfile.lock. Run 'pod install' or update your CocoaPods installation.\" >&2\n    exit 1\nfi\n# This output is used by Xcode 'outputs' to avoid re-running this script phase.\necho \"SUCCESS\" > \"${SCRIPT_OUTPUT_FILE_0}\"\n";
			showEnvVarsInLog = 0;
		};
/* End PBXShellScriptBuildPhase section */

/* Begin PBXSourcesBuildPhase section */
		4FFF167828ED0514003ADFAA /* Sources */ = {
			isa = PBXSourcesBuildPhase;
			buildActionMask = 2147483647;
			files = (
				4F52F8182924CF700087758E /* AlarmViewController.swift in Sources */,
				4F52F81A2924CF7D0087758E /* UserViewController.swift in Sources */,
				4F9DB32F28F64C7700B2C338 /* MainViewController.swift in Sources */,
				4FFF168428ED0514003ADFAA /* LoginViewController.swift in Sources */,
				4FFF168028ED0514003ADFAA /* AppDelegate.swift in Sources */,
				4FFF169428ED1069003ADFAA /* WLITextField.swift in Sources */,
				4FFF168228ED0514003ADFAA /* SceneDelegate.swift in Sources */,
				C7B44727292CF6E500B272A4 /* Marker.swift in Sources */,
				4F52F81C2924D9590087758E /* BicycleRegisterViewController.swift in Sources */,
				4F5470BD28EFB1BD00C0F673 /* SignUpViewController.swift in Sources */,
				4FF1ED1A28FC377300F5458D /* MapViewController.swift in Sources */,
			);
			runOnlyForDeploymentPostprocessing = 0;
		};
/* End PBXSourcesBuildPhase section */

/* Begin PBXVariantGroup section */
		4FFF168528ED0514003ADFAA /* Main.storyboard */ = {
			isa = PBXVariantGroup;
			children = (
				4FFF168628ED0514003ADFAA /* Base */,
			);
			name = Main.storyboard;
			sourceTree = "<group>";
		};
		4FFF168A28ED0514003ADFAA /* LaunchScreen.storyboard */ = {
			isa = PBXVariantGroup;
			children = (
				4FFF168B28ED0514003ADFAA /* Base */,
			);
			name = LaunchScreen.storyboard;
			sourceTree = "<group>";
		};
/* End PBXVariantGroup section */

/* Begin XCBuildConfiguration section */
		4FFF168E28ED0514003ADFAA /* Debug */ = {
			isa = XCBuildConfiguration;
			buildSettings = {
				ALWAYS_SEARCH_USER_PATHS = NO;
				CLANG_ANALYZER_NONNULL = YES;
				CLANG_ANALYZER_NUMBER_OBJECT_CONVERSION = YES_AGGRESSIVE;
				CLANG_CXX_LANGUAGE_STANDARD = "gnu++20";
				CLANG_ENABLE_MODULES = YES;
				CLANG_ENABLE_OBJC_ARC = YES;
				CLANG_ENABLE_OBJC_WEAK = YES;
				CLANG_WARN_BLOCK_CAPTURE_AUTORELEASING = YES;
				CLANG_WARN_BOOL_CONVERSION = YES;
				CLANG_WARN_COMMA = YES;
				CLANG_WARN_CONSTANT_CONVERSION = YES;
				CLANG_WARN_DEPRECATED_OBJC_IMPLEMENTATIONS = YES;
				CLANG_WARN_DIRECT_OBJC_ISA_USAGE = YES_ERROR;
				CLANG_WARN_DOCUMENTATION_COMMENTS = YES;
				CLANG_WARN_EMPTY_BODY = YES;
				CLANG_WARN_ENUM_CONVERSION = YES;
				CLANG_WARN_INFINITE_RECURSION = YES;
				CLANG_WARN_INT_CONVERSION = YES;
				CLANG_WARN_NON_LITERAL_NULL_CONVERSION = YES;
				CLANG_WARN_OBJC_IMPLICIT_RETAIN_SELF = YES;
				CLANG_WARN_OBJC_LITERAL_CONVERSION = YES;
				CLANG_WARN_OBJC_ROOT_CLASS = YES_ERROR;
				CLANG_WARN_QUOTED_INCLUDE_IN_FRAMEWORK_HEADER = YES;
				CLANG_WARN_RANGE_LOOP_ANALYSIS = YES;
				CLANG_WARN_STRICT_PROTOTYPES = YES;
				CLANG_WARN_SUSPICIOUS_MOVE = YES;
				CLANG_WARN_UNGUARDED_AVAILABILITY = YES_AGGRESSIVE;
				CLANG_WARN_UNREACHABLE_CODE = YES;
				CLANG_WARN__DUPLICATE_METHOD_MATCH = YES;
				COPY_PHASE_STRIP = NO;
				DEBUG_INFORMATION_FORMAT = dwarf;
				ENABLE_STRICT_OBJC_MSGSEND = YES;
				ENABLE_TESTABILITY = YES;
				GCC_C_LANGUAGE_STANDARD = gnu11;
				GCC_DYNAMIC_NO_PIC = NO;
				GCC_NO_COMMON_BLOCKS = YES;
				GCC_OPTIMIZATION_LEVEL = 0;
				GCC_PREPROCESSOR_DEFINITIONS = (
					"DEBUG=1",
					"$(inherited)",
				);
				GCC_WARN_64_TO_32_BIT_CONVERSION = YES;
				GCC_WARN_ABOUT_RETURN_TYPE = YES_ERROR;
				GCC_WARN_UNDECLARED_SELECTOR = YES;
				GCC_WARN_UNINITIALIZED_AUTOS = YES_AGGRESSIVE;
				GCC_WARN_UNUSED_FUNCTION = YES;
				GCC_WARN_UNUSED_VARIABLE = YES;
				IPHONEOS_DEPLOYMENT_TARGET = 16.0;
				MTL_ENABLE_DEBUG_INFO = INCLUDE_SOURCE;
				MTL_FAST_MATH = YES;
				ONLY_ACTIVE_ARCH = YES;
				SDKROOT = iphoneos;
				SWIFT_ACTIVE_COMPILATION_CONDITIONS = DEBUG;
				SWIFT_OPTIMIZATION_LEVEL = "-Onone";
			};
			name = Debug;
		};
		4FFF168F28ED0514003ADFAA /* Release */ = {
			isa = XCBuildConfiguration;
			buildSettings = {
				ALWAYS_SEARCH_USER_PATHS = NO;
				CLANG_ANALYZER_NONNULL = YES;
				CLANG_ANALYZER_NUMBER_OBJECT_CONVERSION = YES_AGGRESSIVE;
				CLANG_CXX_LANGUAGE_STANDARD = "gnu++20";
				CLANG_ENABLE_MODULES = YES;
				CLANG_ENABLE_OBJC_ARC = YES;
				CLANG_ENABLE_OBJC_WEAK = YES;
				CLANG_WARN_BLOCK_CAPTURE_AUTORELEASING = YES;
				CLANG_WARN_BOOL_CONVERSION = YES;
				CLANG_WARN_COMMA = YES;
				CLANG_WARN_CONSTANT_CONVERSION = YES;
				CLANG_WARN_DEPRECATED_OBJC_IMPLEMENTATIONS = YES;
				CLANG_WARN_DIRECT_OBJC_ISA_USAGE = YES_ERROR;
				CLANG_WARN_DOCUMENTATION_COMMENTS = YES;
				CLANG_WARN_EMPTY_BODY = YES;
				CLANG_WARN_ENUM_CONVERSION = YES;
				CLANG_WARN_INFINITE_RECURSION = YES;
				CLANG_WARN_INT_CONVERSION = YES;
				CLANG_WARN_NON_LITERAL_NULL_CONVERSION = YES;
				CLANG_WARN_OBJC_IMPLICIT_RETAIN_SELF = YES;
				CLANG_WARN_OBJC_LITERAL_CONVERSION = YES;
				CLANG_WARN_OBJC_ROOT_CLASS = YES_ERROR;
				CLANG_WARN_QUOTED_INCLUDE_IN_FRAMEWORK_HEADER = YES;
				CLANG_WARN_RANGE_LOOP_ANALYSIS = YES;
				CLANG_WARN_STRICT_PROTOTYPES = YES;
				CLANG_WARN_SUSPICIOUS_MOVE = YES;
				CLANG_WARN_UNGUARDED_AVAILABILITY = YES_AGGRESSIVE;
				CLANG_WARN_UNREACHABLE_CODE = YES;
				CLANG_WARN__DUPLICATE_METHOD_MATCH = YES;
				COPY_PHASE_STRIP = NO;
				DEBUG_INFORMATION_FORMAT = "dwarf-with-dsym";
				ENABLE_NS_ASSERTIONS = NO;
				ENABLE_STRICT_OBJC_MSGSEND = YES;
				GCC_C_LANGUAGE_STANDARD = gnu11;
				GCC_NO_COMMON_BLOCKS = YES;
				GCC_WARN_64_TO_32_BIT_CONVERSION = YES;
				GCC_WARN_ABOUT_RETURN_TYPE = YES_ERROR;
				GCC_WARN_UNDECLARED_SELECTOR = YES;
				GCC_WARN_UNINITIALIZED_AUTOS = YES_AGGRESSIVE;
				GCC_WARN_UNUSED_FUNCTION = YES;
				GCC_WARN_UNUSED_VARIABLE = YES;
				IPHONEOS_DEPLOYMENT_TARGET = 16.0;
				MTL_ENABLE_DEBUG_INFO = NO;
				MTL_FAST_MATH = YES;
				SDKROOT = iphoneos;
				SWIFT_COMPILATION_MODE = wholemodule;
				SWIFT_OPTIMIZATION_LEVEL = "-O";
				VALIDATE_PRODUCT = YES;
			};
			name = Release;
		};
		4FFF169128ED0514003ADFAA /* Debug */ = {
			isa = XCBuildConfiguration;
			baseConfigurationReference = D0EF711093D9FCDD9B80B538 /* Pods-RockYou.debug.xcconfig */;
			buildSettings = {
				ASSETCATALOG_COMPILER_APPICON_NAME = AppIcon;
				ASSETCATALOG_COMPILER_GLOBAL_ACCENT_COLOR_NAME = AccentColor;
				CODE_SIGN_STYLE = Automatic;
				CURRENT_PROJECT_VERSION = 1;
				GENERATE_INFOPLIST_FILE = YES;
				INFOPLIST_FILE = RockYou/Info.plist;
				INFOPLIST_KEY_NSLocationAlwaysAndWhenInUseUsageDescription = "";
				INFOPLIST_KEY_NSLocationAlwaysUsageDescription = "걍 해줘";
				INFOPLIST_KEY_NSLocationWhenInUseUsageDescription = "걍 해줘";
				INFOPLIST_KEY_UIApplicationSupportsIndirectInputEvents = YES;
				INFOPLIST_KEY_UILaunchStoryboardName = LaunchScreen;
				INFOPLIST_KEY_UIMainStoryboardFile = Main;
				INFOPLIST_KEY_UISupportedInterfaceOrientations_iPad = "UIInterfaceOrientationPortrait UIInterfaceOrientationPortraitUpsideDown UIInterfaceOrientationLandscapeLeft UIInterfaceOrientationLandscapeRight";
				INFOPLIST_KEY_UISupportedInterfaceOrientations_iPhone = "UIInterfaceOrientationPortrait UIInterfaceOrientationLandscapeLeft UIInterfaceOrientationLandscapeRight";
				IPHONEOS_DEPLOYMENT_TARGET = 15.0;
				LD_RUNPATH_SEARCH_PATHS = (
					"$(inherited)",
					"@executable_path/Frameworks",
				);
				MARKETING_VERSION = 1.0;
				PRODUCT_BUNDLE_IDENTIFIER = com.geun0196.RockYou;
				PRODUCT_NAME = "$(TARGET_NAME)";
				SWIFT_EMIT_LOC_STRINGS = YES;
				SWIFT_VERSION = 5.0;
				TARGETED_DEVICE_FAMILY = "1,2";
			};
			name = Debug;
		};
		4FFF169228ED0514003ADFAA /* Release */ = {
			isa = XCBuildConfiguration;
			baseConfigurationReference = EABC7D9D060F58CB9A324B23 /* Pods-RockYou.release.xcconfig */;
			buildSettings = {
				ASSETCATALOG_COMPILER_APPICON_NAME = AppIcon;
				ASSETCATALOG_COMPILER_GLOBAL_ACCENT_COLOR_NAME = AccentColor;
				CODE_SIGN_STYLE = Automatic;
				CURRENT_PROJECT_VERSION = 1;
				GENERATE_INFOPLIST_FILE = YES;
				INFOPLIST_FILE = RockYou/Info.plist;
				INFOPLIST_KEY_NSLocationAlwaysAndWhenInUseUsageDescription = "";
				INFOPLIST_KEY_NSLocationAlwaysUsageDescription = "걍 해줘";
				INFOPLIST_KEY_NSLocationWhenInUseUsageDescription = "걍 해줘";
				INFOPLIST_KEY_UIApplicationSupportsIndirectInputEvents = YES;
				INFOPLIST_KEY_UILaunchStoryboardName = LaunchScreen;
				INFOPLIST_KEY_UIMainStoryboardFile = Main;
				INFOPLIST_KEY_UISupportedInterfaceOrientations_iPad = "UIInterfaceOrientationPortrait UIInterfaceOrientationPortraitUpsideDown UIInterfaceOrientationLandscapeLeft UIInterfaceOrientationLandscapeRight";
				INFOPLIST_KEY_UISupportedInterfaceOrientations_iPhone = "UIInterfaceOrientationPortrait UIInterfaceOrientationLandscapeLeft UIInterfaceOrientationLandscapeRight";
				IPHONEOS_DEPLOYMENT_TARGET = 15.0;
				LD_RUNPATH_SEARCH_PATHS = (
					"$(inherited)",
					"@executable_path/Frameworks",
				);
				MARKETING_VERSION = 1.0;
				PRODUCT_BUNDLE_IDENTIFIER = com.geun0196.RockYou;
				PRODUCT_NAME = "$(TARGET_NAME)";
				SWIFT_EMIT_LOC_STRINGS = YES;
				SWIFT_VERSION = 5.0;
				TARGETED_DEVICE_FAMILY = "1,2";
			};
			name = Release;
		};
/* End XCBuildConfiguration section */

/* Begin XCConfigurationList section */
		4FFF167728ED0514003ADFAA /* Build configuration list for PBXProject "RockYou" */ = {
			isa = XCConfigurationList;
			buildConfigurations = (
				4FFF168E28ED0514003ADFAA /* Debug */,
				4FFF168F28ED0514003ADFAA /* Release */,
			);
			defaultConfigurationIsVisible = 0;
			defaultConfigurationName = Release;
		};
		4FFF169028ED0514003ADFAA /* Build configuration list for PBXNativeTarget "RockYou" */ = {
			isa = XCConfigurationList;
			buildConfigurations = (
				4FFF169128ED0514003ADFAA /* Debug */,
				4FFF169228ED0514003ADFAA /* Release */,
			);
			defaultConfigurationIsVisible = 0;
			defaultConfigurationName = Release;
		};
/* End XCConfigurationList section */
	};
	rootObject = 4FFF167428ED0514003ADFAA /* Project object */;
}
